// !$*UTF8*$!
{
	archiveVersion = 1;
	classes = {
	};
	objectVersion = 51;
	objects = {

/* Begin PBXBuildFile section */
		1719C8E322E15FB700171CC5 /* PageActivityIndicator.swift in Sources */ = {isa = PBXBuildFile; fileRef = 1719C8E222E15FB700171CC5 /* PageActivityIndicator.swift */; };
		174015192256F96800838B91 /* Optional+.swift in Sources */ = {isa = PBXBuildFile; fileRef = 174015182256F96800838B91 /* Optional+.swift */; };
		1740151B2256FACF00838B91 /* ViewModelType+.swift in Sources */ = {isa = PBXBuildFile; fileRef = 1740151A2256FACF00838B91 /* ViewModelType+.swift */; };
		174185402255B25B000949E9 /* AppDelegate.swift in Sources */ = {isa = PBXBuildFile; fileRef = 1741853F2255B25B000949E9 /* AppDelegate.swift */; };
		1741855D2255B2F3000949E9 /* Utils.swift in Sources */ = {isa = PBXBuildFile; fileRef = 174185452255B2F3000949E9 /* Utils.swift */; };
		174185632255B2F3000949E9 /* Storyboards.swift in Sources */ = {isa = PBXBuildFile; fileRef = 174185512255B2F3000949E9 /* Storyboards.swift */; };
		174185642255B2F3000949E9 /* AppAssembler.swift in Sources */ = {isa = PBXBuildFile; fileRef = 174185532255B2F3000949E9 /* AppAssembler.swift */; };
		174185652255B2F3000949E9 /* AppNavigator.swift in Sources */ = {isa = PBXBuildFile; fileRef = 174185542255B2F3000949E9 /* AppNavigator.swift */; };
		174185662255B2F3000949E9 /* AppViewModel.swift in Sources */ = {isa = PBXBuildFile; fileRef = 174185552255B2F3000949E9 /* AppViewModel.swift */; };
		174185672255B2F3000949E9 /* AppUseCase.swift in Sources */ = {isa = PBXBuildFile; fileRef = 174185562255B2F3000949E9 /* AppUseCase.swift */; };
		174185682255B2F3000949E9 /* Assembler.swift in Sources */ = {isa = PBXBuildFile; fileRef = 1741855A2255B2F3000949E9 /* Assembler.swift */; };
		1741856A2255B306000949E9 /* UnitTestViewController.swift in Sources */ = {isa = PBXBuildFile; fileRef = 174185692255B306000949E9 /* UnitTestViewController.swift */; };
		1741856B2255B354000949E9 /* BindableType.swift in Sources */ = {isa = PBXBuildFile; fileRef = 172823EC2179791600380312 /* BindableType.swift */; };
		1741856C2255B354000949E9 /* ErrorTracker.swift in Sources */ = {isa = PBXBuildFile; fileRef = 172823ED2179791600380312 /* ErrorTracker.swift */; };
		1741856E2255B354000949E9 /* ActivityIndicator.swift in Sources */ = {isa = PBXBuildFile; fileRef = 172823EF2179791600380312 /* ActivityIndicator.swift */; };
		1741856F2255B354000949E9 /* ViewModelType.swift in Sources */ = {isa = PBXBuildFile; fileRef = 172823F02179791600380312 /* ViewModelType.swift */; };
		174185702255B359000949E9 /* UIViewController+Debug.swift in Sources */ = {isa = PBXBuildFile; fileRef = 172823EA2179791600380312 /* UIViewController+Debug.swift */; };
		174185712255B35C000949E9 /* PagingInfo.swift in Sources */ = {isa = PBXBuildFile; fileRef = 172823E72179791600380312 /* PagingInfo.swift */; };
		174185722255B35C000949E9 /* HasID.swift in Sources */ = {isa = PBXBuildFile; fileRef = 172823E82179791600380312 /* HasID.swift */; };
		174185732255B361000949E9 /* ObservableType+.swift in Sources */ = {isa = PBXBuildFile; fileRef = 172823F22179791600380312 /* ObservableType+.swift */; };
		1741857D2255B8E1000949E9 /* MainViewController.swift in Sources */ = {isa = PBXBuildFile; fileRef = 174185782255B8E1000949E9 /* MainViewController.swift */; };
		1741857E2255B8E1000949E9 /* MainViewModel.swift in Sources */ = {isa = PBXBuildFile; fileRef = 174185792255B8E1000949E9 /* MainViewModel.swift */; };
		1741857F2255B8E1000949E9 /* MainUseCase.swift in Sources */ = {isa = PBXBuildFile; fileRef = 1741857A2255B8E1000949E9 /* MainUseCase.swift */; };
		174185832255B983000949E9 /* MainNavigator.swift in Sources */ = {isa = PBXBuildFile; fileRef = 174185812255B983000949E9 /* MainNavigator.swift */; };
		174185842255B983000949E9 /* MainAssembler.swift in Sources */ = {isa = PBXBuildFile; fileRef = 174185822255B983000949E9 /* MainAssembler.swift */; };
		178DBA8722E6B95D00F2F206 /* ProductListAssembler.swift in Sources */ = {isa = PBXBuildFile; fileRef = 178DBA8122E6B95D00F2F206 /* ProductListAssembler.swift */; };
		178DBA8822E6B95D00F2F206 /* ProductListUseCase.swift in Sources */ = {isa = PBXBuildFile; fileRef = 178DBA8222E6B95D00F2F206 /* ProductListUseCase.swift */; };
		178DBA8922E6B95D00F2F206 /* ProductViewModel.swift in Sources */ = {isa = PBXBuildFile; fileRef = 178DBA8322E6B95D00F2F206 /* ProductViewModel.swift */; };
		178DBA8A22E6B95D00F2F206 /* ProductListViewModel.swift in Sources */ = {isa = PBXBuildFile; fileRef = 178DBA8422E6B95D00F2F206 /* ProductListViewModel.swift */; };
		178DBA8B22E6B95D00F2F206 /* ProductListViewController.swift in Sources */ = {isa = PBXBuildFile; fileRef = 178DBA8522E6B95D00F2F206 /* ProductListViewController.swift */; };
		178DBA8C22E6B95D00F2F206 /* ProductListNavigator.swift in Sources */ = {isa = PBXBuildFile; fileRef = 178DBA8622E6B95D00F2F206 /* ProductListNavigator.swift */; };
		178DBA9022E6C35700F2F206 /* ProductCell.xib in Resources */ = {isa = PBXBuildFile; fileRef = 178DBA8E22E6C35700F2F206 /* ProductCell.xib */; };
		178DBA9222E6C36600F2F206 /* ProductCell.swift in Sources */ = {isa = PBXBuildFile; fileRef = 178DBA9122E6C36600F2F206 /* ProductCell.swift */; };
		178DBA9522E6C42700F2F206 /* UIViewController+Rx.swift in Sources */ = {isa = PBXBuildFile; fileRef = 178DBA9422E6C42700F2F206 /* UIViewController+Rx.swift */; };
		178DBA9722E6C44F00F2F206 /* UIViewController+.swift in Sources */ = {isa = PBXBuildFile; fileRef = 178DBA9622E6C44F00F2F206 /* UIViewController+.swift */; };
		178DBA9922E6DF5A00F2F206 /* Double+.swift in Sources */ = {isa = PBXBuildFile; fileRef = 178DBA9822E6DF5A00F2F206 /* Double+.swift */; };
		178DBA9C22E6ED9C00F2F206 /* EmptyDataView.xib in Resources */ = {isa = PBXBuildFile; fileRef = 178DBA9A22E6ED9C00F2F206 /* EmptyDataView.xib */; };
		178DBA9D22E6ED9C00F2F206 /* EmptyDataView.swift in Sources */ = {isa = PBXBuildFile; fileRef = 178DBA9B22E6ED9C00F2F206 /* EmptyDataView.swift */; };
		178DBA9F22E6EDC900F2F206 /* UITableView+.swift in Sources */ = {isa = PBXBuildFile; fileRef = 178DBA9E22E6EDC900F2F206 /* UITableView+.swift */; };
		17BE306522E9828B008AF697 /* Driver+.swift in Sources */ = {isa = PBXBuildFile; fileRef = 17BE306422E9828B008AF697 /* Driver+.swift */; };
		17BE306722E983BC008AF697 /* ObservableType+SyncSequence.swift in Sources */ = {isa = PBXBuildFile; fileRef = 17BE306622E983BC008AF697 /* ObservableType+SyncSequence.swift */; };
		17BE306922E984F4008AF697 /* ViewModelType+GetList.swift in Sources */ = {isa = PBXBuildFile; fileRef = 17BE306822E984F4008AF697 /* ViewModelType+GetList.swift */; };
		17BE306B22E98527008AF697 /* ScreenLoadingType.swift in Sources */ = {isa = PBXBuildFile; fileRef = 17BE306A22E98527008AF697 /* ScreenLoadingType.swift */; };
		17BF9D0922EADC7E00E3A437 /* ViewModelType+GetItem.swift in Sources */ = {isa = PBXBuildFile; fileRef = 17BF9D0822EADC7E00E3A437 /* ViewModelType+GetItem.swift */; };
		17BFD1B622D3442200C8A3ED /* MultiActivityIndicator.swift in Sources */ = {isa = PBXBuildFile; fileRef = 17BFD1B522D3442200C8A3ED /* MultiActivityIndicator.swift */; };
		17CC16C822B73AF600A01FC1 /* ViewModelType+Pagination.swift in Sources */ = {isa = PBXBuildFile; fileRef = 17CC16C722B73AF600A01FC1 /* ViewModelType+Pagination.swift */; };
		17CC16CA22B745EC00A01FC1 /* Product.swift in Sources */ = {isa = PBXBuildFile; fileRef = 17CC16C922B745EC00A01FC1 /* Product.swift */; };
		17FDAEFC2252028000F5165F /* Main.storyboard in Resources */ = {isa = PBXBuildFile; fileRef = 17FDAEFA2252028000F5165F /* Main.storyboard */; };
		17FDAEFE2252028100F5165F /* Assets.xcassets in Resources */ = {isa = PBXBuildFile; fileRef = 17FDAEFD2252028100F5165F /* Assets.xcassets */; };
		17FDAF012252028100F5165F /* LaunchScreen.storyboard in Resources */ = {isa = PBXBuildFile; fileRef = 17FDAEFF2252028100F5165F /* LaunchScreen.storyboard */; };
		7ABDB799150B2261EE619236 /* Pods_MGArchitecture.framework in Frameworks */ = {isa = PBXBuildFile; fileRef = 58F54FDB03AB68FE71C628DB /* Pods_MGArchitecture.framework */; };
/* End PBXBuildFile section */

/* Begin PBXFileReference section */
		0DFA65B116780C8814A708B3 /* Pods-MGArchitecture.release.xcconfig */ = {isa = PBXFileReference; includeInIndex = 1; lastKnownFileType = text.xcconfig; name = "Pods-MGArchitecture.release.xcconfig"; path = "Pods/Target Support Files/Pods-MGArchitecture/Pods-MGArchitecture.release.xcconfig"; sourceTree = "<group>"; };
		1719C8E222E15FB700171CC5 /* PageActivityIndicator.swift */ = {isa = PBXFileReference; lastKnownFileType = sourcecode.swift; path = PageActivityIndicator.swift; sourceTree = "<group>"; };
		172823E72179791600380312 /* PagingInfo.swift */ = {isa = PBXFileReference; fileEncoding = 4; lastKnownFileType = sourcecode.swift; path = PagingInfo.swift; sourceTree = "<group>"; };
		172823E82179791600380312 /* HasID.swift */ = {isa = PBXFileReference; fileEncoding = 4; lastKnownFileType = sourcecode.swift; path = HasID.swift; sourceTree = "<group>"; };
		172823EA2179791600380312 /* UIViewController+Debug.swift */ = {isa = PBXFileReference; fileEncoding = 4; lastKnownFileType = sourcecode.swift; path = "UIViewController+Debug.swift"; sourceTree = "<group>"; };
		172823EC2179791600380312 /* BindableType.swift */ = {isa = PBXFileReference; fileEncoding = 4; lastKnownFileType = sourcecode.swift; path = BindableType.swift; sourceTree = "<group>"; };
		172823ED2179791600380312 /* ErrorTracker.swift */ = {isa = PBXFileReference; fileEncoding = 4; lastKnownFileType = sourcecode.swift; path = ErrorTracker.swift; sourceTree = "<group>"; };
		172823EF2179791600380312 /* ActivityIndicator.swift */ = {isa = PBXFileReference; fileEncoding = 4; lastKnownFileType = sourcecode.swift; path = ActivityIndicator.swift; sourceTree = "<group>"; };
		172823F02179791600380312 /* ViewModelType.swift */ = {isa = PBXFileReference; fileEncoding = 4; lastKnownFileType = sourcecode.swift; path = ViewModelType.swift; sourceTree = "<group>"; };
		172823F22179791600380312 /* ObservableType+.swift */ = {isa = PBXFileReference; fileEncoding = 4; lastKnownFileType = sourcecode.swift; path = "ObservableType+.swift"; sourceTree = "<group>"; };
		174015182256F96800838B91 /* Optional+.swift */ = {isa = PBXFileReference; lastKnownFileType = sourcecode.swift; path = "Optional+.swift"; sourceTree = "<group>"; };
		1740151A2256FACF00838B91 /* ViewModelType+.swift */ = {isa = PBXFileReference; lastKnownFileType = sourcecode.swift; path = "ViewModelType+.swift"; sourceTree = "<group>"; };
		1741853E2255B25A000949E9 /* MGArchitecture-Bridging-Header.h */ = {isa = PBXFileReference; lastKnownFileType = sourcecode.c.h; path = "MGArchitecture-Bridging-Header.h"; sourceTree = "<group>"; };
		1741853F2255B25B000949E9 /* AppDelegate.swift */ = {isa = PBXFileReference; fileEncoding = 4; lastKnownFileType = sourcecode.swift; path = AppDelegate.swift; sourceTree = "<group>"; };
		174185452255B2F3000949E9 /* Utils.swift */ = {isa = PBXFileReference; fileEncoding = 4; lastKnownFileType = sourcecode.swift; path = Utils.swift; sourceTree = "<group>"; };
		174185512255B2F3000949E9 /* Storyboards.swift */ = {isa = PBXFileReference; fileEncoding = 4; lastKnownFileType = sourcecode.swift; path = Storyboards.swift; sourceTree = "<group>"; };
		174185532255B2F3000949E9 /* AppAssembler.swift */ = {isa = PBXFileReference; fileEncoding = 4; lastKnownFileType = sourcecode.swift; path = AppAssembler.swift; sourceTree = "<group>"; };
		174185542255B2F3000949E9 /* AppNavigator.swift */ = {isa = PBXFileReference; fileEncoding = 4; lastKnownFileType = sourcecode.swift; path = AppNavigator.swift; sourceTree = "<group>"; };
		174185552255B2F3000949E9 /* AppViewModel.swift */ = {isa = PBXFileReference; fileEncoding = 4; lastKnownFileType = sourcecode.swift; path = AppViewModel.swift; sourceTree = "<group>"; };
		174185562255B2F3000949E9 /* AppUseCase.swift */ = {isa = PBXFileReference; fileEncoding = 4; lastKnownFileType = sourcecode.swift; path = AppUseCase.swift; sourceTree = "<group>"; };
		1741855A2255B2F3000949E9 /* Assembler.swift */ = {isa = PBXFileReference; fileEncoding = 4; lastKnownFileType = sourcecode.swift; path = Assembler.swift; sourceTree = "<group>"; };
		174185692255B306000949E9 /* UnitTestViewController.swift */ = {isa = PBXFileReference; fileEncoding = 4; lastKnownFileType = sourcecode.swift; path = UnitTestViewController.swift; sourceTree = "<group>"; };
		174185782255B8E1000949E9 /* MainViewController.swift */ = {isa = PBXFileReference; fileEncoding = 4; lastKnownFileType = sourcecode.swift; path = MainViewController.swift; sourceTree = "<group>"; };
		174185792255B8E1000949E9 /* MainViewModel.swift */ = {isa = PBXFileReference; fileEncoding = 4; lastKnownFileType = sourcecode.swift; path = MainViewModel.swift; sourceTree = "<group>"; };
		1741857A2255B8E1000949E9 /* MainUseCase.swift */ = {isa = PBXFileReference; fileEncoding = 4; lastKnownFileType = sourcecode.swift; path = MainUseCase.swift; sourceTree = "<group>"; };
		174185812255B983000949E9 /* MainNavigator.swift */ = {isa = PBXFileReference; fileEncoding = 4; lastKnownFileType = sourcecode.swift; path = MainNavigator.swift; sourceTree = "<group>"; };
		174185822255B983000949E9 /* MainAssembler.swift */ = {isa = PBXFileReference; fileEncoding = 4; lastKnownFileType = sourcecode.swift; path = MainAssembler.swift; sourceTree = "<group>"; };
		178DBA8122E6B95D00F2F206 /* ProductListAssembler.swift */ = {isa = PBXFileReference; fileEncoding = 4; lastKnownFileType = sourcecode.swift; path = ProductListAssembler.swift; sourceTree = "<group>"; };
		178DBA8222E6B95D00F2F206 /* ProductListUseCase.swift */ = {isa = PBXFileReference; fileEncoding = 4; lastKnownFileType = sourcecode.swift; path = ProductListUseCase.swift; sourceTree = "<group>"; };
		178DBA8322E6B95D00F2F206 /* ProductViewModel.swift */ = {isa = PBXFileReference; fileEncoding = 4; lastKnownFileType = sourcecode.swift; path = ProductViewModel.swift; sourceTree = "<group>"; };
		178DBA8422E6B95D00F2F206 /* ProductListViewModel.swift */ = {isa = PBXFileReference; fileEncoding = 4; lastKnownFileType = sourcecode.swift; path = ProductListViewModel.swift; sourceTree = "<group>"; };
		178DBA8522E6B95D00F2F206 /* ProductListViewController.swift */ = {isa = PBXFileReference; fileEncoding = 4; lastKnownFileType = sourcecode.swift; path = ProductListViewController.swift; sourceTree = "<group>"; };
		178DBA8622E6B95D00F2F206 /* ProductListNavigator.swift */ = {isa = PBXFileReference; fileEncoding = 4; lastKnownFileType = sourcecode.swift; path = ProductListNavigator.swift; sourceTree = "<group>"; };
		178DBA8E22E6C35700F2F206 /* ProductCell.xib */ = {isa = PBXFileReference; lastKnownFileType = file.xib; path = ProductCell.xib; sourceTree = "<group>"; };
		178DBA9122E6C36600F2F206 /* ProductCell.swift */ = {isa = PBXFileReference; fileEncoding = 4; lastKnownFileType = sourcecode.swift; path = ProductCell.swift; sourceTree = "<group>"; };
		178DBA9422E6C42700F2F206 /* UIViewController+Rx.swift */ = {isa = PBXFileReference; lastKnownFileType = sourcecode.swift; path = "UIViewController+Rx.swift"; sourceTree = "<group>"; };
		178DBA9622E6C44F00F2F206 /* UIViewController+.swift */ = {isa = PBXFileReference; lastKnownFileType = sourcecode.swift; path = "UIViewController+.swift"; sourceTree = "<group>"; };
		178DBA9822E6DF5A00F2F206 /* Double+.swift */ = {isa = PBXFileReference; lastKnownFileType = sourcecode.swift; path = "Double+.swift"; sourceTree = "<group>"; };
		178DBA9A22E6ED9C00F2F206 /* EmptyDataView.xib */ = {isa = PBXFileReference; fileEncoding = 4; lastKnownFileType = file.xib; path = EmptyDataView.xib; sourceTree = "<group>"; };
		178DBA9B22E6ED9C00F2F206 /* EmptyDataView.swift */ = {isa = PBXFileReference; fileEncoding = 4; lastKnownFileType = sourcecode.swift; path = EmptyDataView.swift; sourceTree = "<group>"; };
		178DBA9E22E6EDC900F2F206 /* UITableView+.swift */ = {isa = PBXFileReference; lastKnownFileType = sourcecode.swift; path = "UITableView+.swift"; sourceTree = "<group>"; };
		17BE306422E9828B008AF697 /* Driver+.swift */ = {isa = PBXFileReference; lastKnownFileType = sourcecode.swift; path = "Driver+.swift"; sourceTree = "<group>"; };
		17BE306622E983BC008AF697 /* ObservableType+SyncSequence.swift */ = {isa = PBXFileReference; lastKnownFileType = sourcecode.swift; path = "ObservableType+SyncSequence.swift"; sourceTree = "<group>"; };
		17BE306822E984F4008AF697 /* ViewModelType+GetList.swift */ = {isa = PBXFileReference; lastKnownFileType = sourcecode.swift; path = "ViewModelType+GetList.swift"; sourceTree = "<group>"; };
		17BE306A22E98527008AF697 /* ScreenLoadingType.swift */ = {isa = PBXFileReference; lastKnownFileType = sourcecode.swift; path = ScreenLoadingType.swift; sourceTree = "<group>"; };
		17BF9D0822EADC7E00E3A437 /* ViewModelType+GetItem.swift */ = {isa = PBXFileReference; lastKnownFileType = sourcecode.swift; path = "ViewModelType+GetItem.swift"; sourceTree = "<group>"; };
		17BFD1B522D3442200C8A3ED /* MultiActivityIndicator.swift */ = {isa = PBXFileReference; lastKnownFileType = sourcecode.swift; path = MultiActivityIndicator.swift; sourceTree = "<group>"; };
		17CC16C722B73AF600A01FC1 /* ViewModelType+Pagination.swift */ = {isa = PBXFileReference; lastKnownFileType = sourcecode.swift; path = "ViewModelType+Pagination.swift"; sourceTree = "<group>"; };
		17CC16C922B745EC00A01FC1 /* Product.swift */ = {isa = PBXFileReference; lastKnownFileType = sourcecode.swift; path = Product.swift; sourceTree = "<group>"; };
		17FDAEF42252028000F5165F /* MGArchitecture.app */ = {isa = PBXFileReference; explicitFileType = wrapper.application; includeInIndex = 0; path = MGArchitecture.app; sourceTree = BUILT_PRODUCTS_DIR; };
		17FDAEFB2252028000F5165F /* Base */ = {isa = PBXFileReference; lastKnownFileType = file.storyboard; name = Base; path = Base.lproj/Main.storyboard; sourceTree = "<group>"; };
		17FDAEFD2252028100F5165F /* Assets.xcassets */ = {isa = PBXFileReference; lastKnownFileType = folder.assetcatalog; path = Assets.xcassets; sourceTree = "<group>"; };
		17FDAF002252028100F5165F /* Base */ = {isa = PBXFileReference; lastKnownFileType = file.storyboard; name = Base; path = Base.lproj/LaunchScreen.storyboard; sourceTree = "<group>"; };
		17FDAF022252028100F5165F /* Info.plist */ = {isa = PBXFileReference; lastKnownFileType = text.plist.xml; path = Info.plist; sourceTree = "<group>"; };
		1C252762B3128B01C33A7E06 /* Pods-Example.debug.xcconfig */ = {isa = PBXFileReference; includeInIndex = 1; lastKnownFileType = text.xcconfig; name = "Pods-Example.debug.xcconfig"; path = "Pods/Target Support Files/Pods-Example/Pods-Example.debug.xcconfig"; sourceTree = "<group>"; };
		26CD5951AD5A482A65E551C1 /* Pods-MGArchitecture.debug.xcconfig */ = {isa = PBXFileReference; includeInIndex = 1; lastKnownFileType = text.xcconfig; name = "Pods-MGArchitecture.debug.xcconfig"; path = "Pods/Target Support Files/Pods-MGArchitecture/Pods-MGArchitecture.debug.xcconfig"; sourceTree = "<group>"; };
		58F54FDB03AB68FE71C628DB /* Pods_MGArchitecture.framework */ = {isa = PBXFileReference; explicitFileType = wrapper.framework; includeInIndex = 0; path = Pods_MGArchitecture.framework; sourceTree = BUILT_PRODUCTS_DIR; };
		61D4B09EDCE2A7788EE63C67 /* libPods-Example.a */ = {isa = PBXFileReference; explicitFileType = archive.ar; includeInIndex = 0; path = "libPods-Example.a"; sourceTree = BUILT_PRODUCTS_DIR; };
		821652965F9D3A69DECF85AF /* Pods-Example.release.xcconfig */ = {isa = PBXFileReference; includeInIndex = 1; lastKnownFileType = text.xcconfig; name = "Pods-Example.release.xcconfig"; path = "Pods/Target Support Files/Pods-Example/Pods-Example.release.xcconfig"; sourceTree = "<group>"; };
/* End PBXFileReference section */

/* Begin PBXFrameworksBuildPhase section */
		17FDAEF12252028000F5165F /* Frameworks */ = {
			isa = PBXFrameworksBuildPhase;
			buildActionMask = 2147483647;
			files = (
				7ABDB799150B2261EE619236 /* Pods_MGArchitecture.framework in Frameworks */,
			);
			runOnlyForDeploymentPostprocessing = 0;
		};
/* End PBXFrameworksBuildPhase section */

/* Begin PBXGroup section */
		172823E62179791600380312 /* Model */ = {
			isa = PBXGroup;
			children = (
				172823E72179791600380312 /* PagingInfo.swift */,
				172823E82179791600380312 /* HasID.swift */,
			);
			path = Model;
			sourceTree = "<group>";
		};
		172823E92179791600380312 /* View */ = {
			isa = PBXGroup;
			children = (
				172823EA2179791600380312 /* UIViewController+Debug.swift */,
			);
			path = View;
			sourceTree = "<group>";
		};
		172823EB2179791600380312 /* ViewModel */ = {
			isa = PBXGroup;
			children = (
				172823EF2179791600380312 /* ActivityIndicator.swift */,
				17BFD1B522D3442200C8A3ED /* MultiActivityIndicator.swift */,
				1719C8E222E15FB700171CC5 /* PageActivityIndicator.swift */,
				172823EC2179791600380312 /* BindableType.swift */,
				172823ED2179791600380312 /* ErrorTracker.swift */,
				172823F02179791600380312 /* ViewModelType.swift */,
				17CC16C722B73AF600A01FC1 /* ViewModelType+Pagination.swift */,
				17BE306822E984F4008AF697 /* ViewModelType+GetList.swift */,
				17BF9D0822EADC7E00E3A437 /* ViewModelType+GetItem.swift */,
				17BE306A22E98527008AF697 /* ScreenLoadingType.swift */,
				1740151A2256FACF00838B91 /* ViewModelType+.swift */,
			);
			path = ViewModel;
			sourceTree = "<group>";
		};
		172823F12179791600380312 /* Extensions */ = {
			isa = PBXGroup;
			children = (
				172823F22179791600380312 /* ObservableType+.swift */,
				17BE306622E983BC008AF697 /* ObservableType+SyncSequence.swift */,
				17BE306422E9828B008AF697 /* Driver+.swift */,
				174015182256F96800838B91 /* Optional+.swift */,
			);
			path = Extensions;
			sourceTree = "<group>";
		};
		174185442255B2F3000949E9 /* Support */ = {
			isa = PBXGroup;
			children = (
				174185452255B2F3000949E9 /* Utils.swift */,
			);
			path = Support;
			sourceTree = "<group>";
		};
		174185462255B2F3000949E9 /* Platform */ = {
			isa = PBXGroup;
			children = (
			);
			path = Platform;
			sourceTree = "<group>";
		};
		1741854F2255B2F3000949E9 /* Scenes */ = {
			isa = PBXGroup;
			children = (
				178DBA8022E6B94800F2F206 /* ProductList */,
				174185762255B8DA000949E9 /* Main */,
				174185502255B2F3000949E9 /* Storyboards */,
				174185522255B2F3000949E9 /* App */,
			);
			path = Scenes;
			sourceTree = "<group>";
		};
		174185502255B2F3000949E9 /* Storyboards */ = {
			isa = PBXGroup;
			children = (
				17FDAEFA2252028000F5165F /* Main.storyboard */,
				174185512255B2F3000949E9 /* Storyboards.swift */,
			);
			path = Storyboards;
			sourceTree = "<group>";
		};
		174185522255B2F3000949E9 /* App */ = {
			isa = PBXGroup;
			children = (
				174185532255B2F3000949E9 /* AppAssembler.swift */,
				174185542255B2F3000949E9 /* AppNavigator.swift */,
				174185552255B2F3000949E9 /* AppViewModel.swift */,
				174185562255B2F3000949E9 /* AppUseCase.swift */,
			);
			path = App;
			sourceTree = "<group>";
		};
		174185572255B2F3000949E9 /* Domain */ = {
			isa = PBXGroup;
			children = (
				174185582255B2F3000949E9 /* Model */,
			);
			path = Domain;
			sourceTree = "<group>";
		};
		174185582255B2F3000949E9 /* Model */ = {
			isa = PBXGroup;
			children = (
				17CC16C922B745EC00A01FC1 /* Product.swift */,
			);
			path = Model;
			sourceTree = "<group>";
		};
		174185592255B2F3000949E9 /* Assembler */ = {
			isa = PBXGroup;
			children = (
				1741855A2255B2F3000949E9 /* Assembler.swift */,
			);
			path = Assembler;
			sourceTree = "<group>";
		};
		174185762255B8DA000949E9 /* Main */ = {
			isa = PBXGroup;
			children = (
				174185822255B983000949E9 /* MainAssembler.swift */,
				174185812255B983000949E9 /* MainNavigator.swift */,
				1741857A2255B8E1000949E9 /* MainUseCase.swift */,
				174185782255B8E1000949E9 /* MainViewController.swift */,
				174185792255B8E1000949E9 /* MainViewModel.swift */,
			);
			path = Main;
			sourceTree = "<group>";
		};
		178DBA8022E6B94800F2F206 /* ProductList */ = {
			isa = PBXGroup;
			children = (
				178DBA9B22E6ED9C00F2F206 /* EmptyDataView.swift */,
				178DBA9A22E6ED9C00F2F206 /* EmptyDataView.xib */,
				178DBA8122E6B95D00F2F206 /* ProductListAssembler.swift */,
				178DBA8622E6B95D00F2F206 /* ProductListNavigator.swift */,
				178DBA8222E6B95D00F2F206 /* ProductListUseCase.swift */,
				178DBA8522E6B95D00F2F206 /* ProductListViewController.swift */,
				178DBA8422E6B95D00F2F206 /* ProductListViewModel.swift */,
				178DBA8322E6B95D00F2F206 /* ProductViewModel.swift */,
				178DBA9122E6C36600F2F206 /* ProductCell.swift */,
				178DBA8E22E6C35700F2F206 /* ProductCell.xib */,
			);
			path = ProductList;
			sourceTree = "<group>";
		};
		178DBA9322E6C41300F2F206 /* Extension */ = {
			isa = PBXGroup;
			children = (
				178DBA9422E6C42700F2F206 /* UIViewController+Rx.swift */,
				178DBA9622E6C44F00F2F206 /* UIViewController+.swift */,
				178DBA9822E6DF5A00F2F206 /* Double+.swift */,
				178DBA9E22E6EDC900F2F206 /* UITableView+.swift */,
			);
			path = Extension;
			sourceTree = "<group>";
		};
		179F9E9E21788F880018A62B = {
			isa = PBXGroup;
			children = (
				17FDAEF52252028000F5165F /* MGArchitecture */,
				179F9EA921788F880018A62B /* Products */,
				F389E68D20D445E32BD4CC33 /* Pods */,
				B74DC2C1FBE35E861FC9192E /* Frameworks */,
			);
			sourceTree = "<group>";
		};
		179F9EA921788F880018A62B /* Products */ = {
			isa = PBXGroup;
			children = (
				17FDAEF42252028000F5165F /* MGArchitecture.app */,
			);
			name = Products;
			sourceTree = "<group>";
		};
		17FDAED9225201F600F5165F /* Sources */ = {
			isa = PBXGroup;
			children = (
				172823F12179791600380312 /* Extensions */,
				172823E62179791600380312 /* Model */,
				172823E92179791600380312 /* View */,
				172823EB2179791600380312 /* ViewModel */,
			);
			path = Sources;
			sourceTree = "<group>";
		};
		17FDAEF52252028000F5165F /* MGArchitecture */ = {
			isa = PBXGroup;
			children = (
				178DBA9322E6C41300F2F206 /* Extension */,
				174185592255B2F3000949E9 /* Assembler */,
				174185572255B2F3000949E9 /* Domain */,
				174185462255B2F3000949E9 /* Platform */,
				1741854F2255B2F3000949E9 /* Scenes */,
				174185442255B2F3000949E9 /* Support */,
				17FDAED9225201F600F5165F /* Sources */,
				1741853F2255B25B000949E9 /* AppDelegate.swift */,
				17FDAEFD2252028100F5165F /* Assets.xcassets */,
				17FDAEFF2252028100F5165F /* LaunchScreen.storyboard */,
				17FDAF022252028100F5165F /* Info.plist */,
				174185692255B306000949E9 /* UnitTestViewController.swift */,
				1741853E2255B25A000949E9 /* MGArchitecture-Bridging-Header.h */,
			);
			path = MGArchitecture;
			sourceTree = "<group>";
		};
		B74DC2C1FBE35E861FC9192E /* Frameworks */ = {
			isa = PBXGroup;
			children = (
				61D4B09EDCE2A7788EE63C67 /* libPods-Example.a */,
				58F54FDB03AB68FE71C628DB /* Pods_MGArchitecture.framework */,
			);
			name = Frameworks;
			sourceTree = "<group>";
		};
		F389E68D20D445E32BD4CC33 /* Pods */ = {
			isa = PBXGroup;
			children = (
				26CD5951AD5A482A65E551C1 /* Pods-MGArchitecture.debug.xcconfig */,
				0DFA65B116780C8814A708B3 /* Pods-MGArchitecture.release.xcconfig */,
				1C252762B3128B01C33A7E06 /* Pods-Example.debug.xcconfig */,
				821652965F9D3A69DECF85AF /* Pods-Example.release.xcconfig */,
			);
			name = Pods;
			sourceTree = "<group>";
		};
/* End PBXGroup section */

/* Begin PBXNativeTarget section */
		17FDAEF32252028000F5165F /* MGArchitecture */ = {
			isa = PBXNativeTarget;
			buildConfigurationList = 17FDAF032252028100F5165F /* Build configuration list for PBXNativeTarget "MGArchitecture" */;
			buildPhases = (
				4D209D42830520A000CC54F1 /* [CP] Check Pods Manifest.lock */,
				17FDAEF02252028000F5165F /* Sources */,
				17FDAEF12252028000F5165F /* Frameworks */,
				17FDAEF22252028000F5165F /* Resources */,
				17CC16C622B735DA00A01FC1 /* ShellScript */,
				43E352624635EDB1DFBB7386 /* [CP] Embed Pods Frameworks */,
			);
			buildRules = (
			);
			dependencies = (
			);
			name = MGArchitecture;
			productName = MGArchitecture;
			productReference = 17FDAEF42252028000F5165F /* MGArchitecture.app */;
			productType = "com.apple.product-type.application";
		};
/* End PBXNativeTarget section */

/* Begin PBXProject section */
		179F9E9F21788F880018A62B /* Project object */ = {
			isa = PBXProject;
			attributes = {
				LastSwiftUpdateCheck = 1020;
				LastUpgradeCheck = 1000;
				ORGANIZATIONNAME = "Sun Asterisk";
				TargetAttributes = {
					17FDAEF32252028000F5165F = {
						CreatedOnToolsVersion = 10.2;
						LastSwiftMigration = 1020;
					};
				};
			};
			buildConfigurationList = 179F9EA221788F880018A62B /* Build configuration list for PBXProject "MGArchitecture" */;
			compatibilityVersion = "Xcode 9.3";
			developmentRegion = en;
			hasScannedForEncodings = 0;
			knownRegions = (
				en,
				Base,
			);
			mainGroup = 179F9E9E21788F880018A62B;
			productRefGroup = 179F9EA921788F880018A62B /* Products */;
			projectDirPath = "";
			projectRoot = "";
			targets = (
				17FDAEF32252028000F5165F /* MGArchitecture */,
			);
		};
/* End PBXProject section */

/* Begin PBXResourcesBuildPhase section */
		17FDAEF22252028000F5165F /* Resources */ = {
			isa = PBXResourcesBuildPhase;
			buildActionMask = 2147483647;
			files = (
				17FDAF012252028100F5165F /* LaunchScreen.storyboard in Resources */,
				178DBA9022E6C35700F2F206 /* ProductCell.xib in Resources */,
				178DBA9C22E6ED9C00F2F206 /* EmptyDataView.xib in Resources */,
				17FDAEFE2252028100F5165F /* Assets.xcassets in Resources */,
				17FDAEFC2252028000F5165F /* Main.storyboard in Resources */,
			);
			runOnlyForDeploymentPostprocessing = 0;
		};
/* End PBXResourcesBuildPhase section */

/* Begin PBXShellScriptBuildPhase section */
		17CC16C622B735DA00A01FC1 /* ShellScript */ = {
			isa = PBXShellScriptBuildPhase;
			buildActionMask = 2147483647;
			files = (
			);
			inputFileListPaths = (
			);
			inputPaths = (
			);
			outputFileListPaths = (
			);
			outputPaths = (
			);
			runOnlyForDeploymentPostprocessing = 0;
			shellPath = /bin/sh;
			shellScript = "if which swiftlint >/dev/null; then\nswiftlint\nelse\necho \"warning: SwiftLint not installed, download from https://github.com/realm/SwiftLint\"\nfi\n";
		};
		43E352624635EDB1DFBB7386 /* [CP] Embed Pods Frameworks */ = {
			isa = PBXShellScriptBuildPhase;
			buildActionMask = 2147483647;
			files = (
			);
			inputFileListPaths = (
				"${PODS_ROOT}/Target Support Files/Pods-MGArchitecture/Pods-MGArchitecture-frameworks-${CONFIGURATION}-input-files.xcfilelist",
			);
			name = "[CP] Embed Pods Frameworks";
			outputFileListPaths = (
				"${PODS_ROOT}/Target Support Files/Pods-MGArchitecture/Pods-MGArchitecture-frameworks-${CONFIGURATION}-output-files.xcfilelist",
			);
			runOnlyForDeploymentPostprocessing = 0;
			shellPath = /bin/sh;
			shellScript = "\"${PODS_ROOT}/Target Support Files/Pods-MGArchitecture/Pods-MGArchitecture-frameworks.sh\"\n";
			showEnvVarsInLog = 0;
		};
		4D209D42830520A000CC54F1 /* [CP] Check Pods Manifest.lock */ = {
			isa = PBXShellScriptBuildPhase;
			buildActionMask = 2147483647;
			files = (
			);
			inputFileListPaths = (
			);
			inputPaths = (
				"${PODS_PODFILE_DIR_PATH}/Podfile.lock",
				"${PODS_ROOT}/Manifest.lock",
			);
			name = "[CP] Check Pods Manifest.lock";
			outputFileListPaths = (
			);
			outputPaths = (
				"$(DERIVED_FILE_DIR)/Pods-MGArchitecture-checkManifestLockResult.txt",
			);
			runOnlyForDeploymentPostprocessing = 0;
			shellPath = /bin/sh;
			shellScript = "diff \"${PODS_PODFILE_DIR_PATH}/Podfile.lock\" \"${PODS_ROOT}/Manifest.lock\" > /dev/null\nif [ $? != 0 ] ; then\n    # print error to STDERR\n    echo \"error: The sandbox is not in sync with the Podfile.lock. Run 'pod install' or update your CocoaPods installation.\" >&2\n    exit 1\nfi\n# This output is used by Xcode 'outputs' to avoid re-running this script phase.\necho \"SUCCESS\" > \"${SCRIPT_OUTPUT_FILE_0}\"\n";
			showEnvVarsInLog = 0;
		};
/* End PBXShellScriptBuildPhase section */

/* Begin PBXSourcesBuildPhase section */
		17FDAEF02252028000F5165F /* Sources */ = {
			isa = PBXSourcesBuildPhase;
			buildActionMask = 2147483647;
			files = (
				174185842255B983000949E9 /* MainAssembler.swift in Sources */,
				174185402255B25B000949E9 /* AppDelegate.swift in Sources */,
				1740151B2256FACF00838B91 /* ViewModelType+.swift in Sources */,
				174185672255B2F3000949E9 /* AppUseCase.swift in Sources */,
				174185832255B983000949E9 /* MainNavigator.swift in Sources */,
				174185722255B35C000949E9 /* HasID.swift in Sources */,
				174185702255B359000949E9 /* UIViewController+Debug.swift in Sources */,
				178DBA8822E6B95D00F2F206 /* ProductListUseCase.swift in Sources */,
				174185662255B2F3000949E9 /* AppViewModel.swift in Sources */,
				178DBA8922E6B95D00F2F206 /* ProductViewModel.swift in Sources */,
				17CC16C822B73AF600A01FC1 /* ViewModelType+Pagination.swift in Sources */,
				1741856E2255B354000949E9 /* ActivityIndicator.swift in Sources */,
				178DBA9222E6C36600F2F206 /* ProductCell.swift in Sources */,
				17BE306922E984F4008AF697 /* ViewModelType+GetList.swift in Sources */,
				1741856A2255B306000949E9 /* UnitTestViewController.swift in Sources */,
				17BFD1B622D3442200C8A3ED /* MultiActivityIndicator.swift in Sources */,
				174185732255B361000949E9 /* ObservableType+.swift in Sources */,
				1741856F2255B354000949E9 /* ViewModelType.swift in Sources */,
				1719C8E322E15FB700171CC5 /* PageActivityIndicator.swift in Sources */,
				1741856B2255B354000949E9 /* BindableType.swift in Sources */,
				1741856C2255B354000949E9 /* ErrorTracker.swift in Sources */,
				174185682255B2F3000949E9 /* Assembler.swift in Sources */,
				1741857E2255B8E1000949E9 /* MainViewModel.swift in Sources */,
				178DBA9522E6C42700F2F206 /* UIViewController+Rx.swift in Sources */,
				178DBA9722E6C44F00F2F206 /* UIViewController+.swift in Sources */,
				17BF9D0922EADC7E00E3A437 /* ViewModelType+GetItem.swift in Sources */,
				17BE306722E983BC008AF697 /* ObservableType+SyncSequence.swift in Sources */,
				178DBA8C22E6B95D00F2F206 /* ProductListNavigator.swift in Sources */,
				174185652255B2F3000949E9 /* AppNavigator.swift in Sources */,
				178DBA9D22E6ED9C00F2F206 /* EmptyDataView.swift in Sources */,
				174185642255B2F3000949E9 /* AppAssembler.swift in Sources */,
				17CC16CA22B745EC00A01FC1 /* Product.swift in Sources */,
				174185712255B35C000949E9 /* PagingInfo.swift in Sources */,
				174015192256F96800838B91 /* Optional+.swift in Sources */,
				174185632255B2F3000949E9 /* Storyboards.swift in Sources */,
				17BE306B22E98527008AF697 /* ScreenLoadingType.swift in Sources */,
				1741855D2255B2F3000949E9 /* Utils.swift in Sources */,
				178DBA9F22E6EDC900F2F206 /* UITableView+.swift in Sources */,
				1741857F2255B8E1000949E9 /* MainUseCase.swift in Sources */,
				1741857D2255B8E1000949E9 /* MainViewController.swift in Sources */,
				17BE306522E9828B008AF697 /* Driver+.swift in Sources */,
				178DBA9922E6DF5A00F2F206 /* Double+.swift in Sources */,
				178DBA8A22E6B95D00F2F206 /* ProductListViewModel.swift in Sources */,
				178DBA8B22E6B95D00F2F206 /* ProductListViewController.swift in Sources */,
				178DBA8722E6B95D00F2F206 /* ProductListAssembler.swift in Sources */,
			);
			runOnlyForDeploymentPostprocessing = 0;
		};
/* End PBXSourcesBuildPhase section */

/* Begin PBXVariantGroup section */
		17FDAEFA2252028000F5165F /* Main.storyboard */ = {
			isa = PBXVariantGroup;
			children = (
				17FDAEFB2252028000F5165F /* Base */,
			);
			name = Main.storyboard;
			sourceTree = "<group>";
		};
		17FDAEFF2252028100F5165F /* LaunchScreen.storyboard */ = {
			isa = PBXVariantGroup;
			children = (
				17FDAF002252028100F5165F /* Base */,
			);
			name = LaunchScreen.storyboard;
			sourceTree = "<group>";
		};
/* End PBXVariantGroup section */

/* Begin XCBuildConfiguration section */
		179F9EAE21788F880018A62B /* Debug */ = {
			isa = XCBuildConfiguration;
			buildSettings = {
				ALWAYS_SEARCH_USER_PATHS = NO;
				CLANG_ANALYZER_NONNULL = YES;
				CLANG_ANALYZER_NUMBER_OBJECT_CONVERSION = YES_AGGRESSIVE;
				CLANG_CXX_LANGUAGE_STANDARD = "gnu++14";
				CLANG_CXX_LIBRARY = "libc++";
				CLANG_ENABLE_MODULES = YES;
				CLANG_ENABLE_OBJC_ARC = YES;
				CLANG_ENABLE_OBJC_WEAK = YES;
				CLANG_WARN_BLOCK_CAPTURE_AUTORELEASING = YES;
				CLANG_WARN_BOOL_CONVERSION = YES;
				CLANG_WARN_COMMA = YES;
				CLANG_WARN_CONSTANT_CONVERSION = YES;
				CLANG_WARN_DEPRECATED_OBJC_IMPLEMENTATIONS = YES;
				CLANG_WARN_DIRECT_OBJC_ISA_USAGE = YES_ERROR;
				CLANG_WARN_DOCUMENTATION_COMMENTS = YES;
				CLANG_WARN_EMPTY_BODY = YES;
				CLANG_WARN_ENUM_CONVERSION = YES;
				CLANG_WARN_INFINITE_RECURSION = YES;
				CLANG_WARN_INT_CONVERSION = YES;
				CLANG_WARN_NON_LITERAL_NULL_CONVERSION = YES;
				CLANG_WARN_OBJC_IMPLICIT_RETAIN_SELF = YES;
				CLANG_WARN_OBJC_LITERAL_CONVERSION = YES;
				CLANG_WARN_OBJC_ROOT_CLASS = YES_ERROR;
				CLANG_WARN_RANGE_LOOP_ANALYSIS = YES;
				CLANG_WARN_STRICT_PROTOTYPES = YES;
				CLANG_WARN_SUSPICIOUS_MOVE = YES;
				CLANG_WARN_UNGUARDED_AVAILABILITY = YES_AGGRESSIVE;
				CLANG_WARN_UNREACHABLE_CODE = YES;
				CLANG_WARN__DUPLICATE_METHOD_MATCH = YES;
				CODE_SIGN_IDENTITY = "iPhone Developer";
				COPY_PHASE_STRIP = NO;
				CURRENT_PROJECT_VERSION = 1;
				DEBUG_INFORMATION_FORMAT = dwarf;
				ENABLE_STRICT_OBJC_MSGSEND = YES;
				ENABLE_TESTABILITY = YES;
				GCC_C_LANGUAGE_STANDARD = gnu11;
				GCC_DYNAMIC_NO_PIC = NO;
				GCC_NO_COMMON_BLOCKS = YES;
				GCC_OPTIMIZATION_LEVEL = 0;
				GCC_PREPROCESSOR_DEFINITIONS = (
					"DEBUG=1",
					"$(inherited)",
				);
				GCC_WARN_64_TO_32_BIT_CONVERSION = YES;
				GCC_WARN_ABOUT_RETURN_TYPE = YES_ERROR;
				GCC_WARN_UNDECLARED_SELECTOR = YES;
				GCC_WARN_UNINITIALIZED_AUTOS = YES_AGGRESSIVE;
				GCC_WARN_UNUSED_FUNCTION = YES;
				GCC_WARN_UNUSED_VARIABLE = YES;
				IPHONEOS_DEPLOYMENT_TARGET = 12.0;
				MTL_ENABLE_DEBUG_INFO = INCLUDE_SOURCE;
				MTL_FAST_MATH = YES;
				ONLY_ACTIVE_ARCH = YES;
				SDKROOT = iphoneos;
				SWIFT_ACTIVE_COMPILATION_CONDITIONS = DEBUG;
				SWIFT_OPTIMIZATION_LEVEL = "-Onone";
				VERSIONING_SYSTEM = "apple-generic";
				VERSION_INFO_PREFIX = "";
			};
			name = Debug;
		};
		179F9EAF21788F880018A62B /* Release */ = {
			isa = XCBuildConfiguration;
			buildSettings = {
				ALWAYS_SEARCH_USER_PATHS = NO;
				CLANG_ANALYZER_NONNULL = YES;
				CLANG_ANALYZER_NUMBER_OBJECT_CONVERSION = YES_AGGRESSIVE;
				CLANG_CXX_LANGUAGE_STANDARD = "gnu++14";
				CLANG_CXX_LIBRARY = "libc++";
				CLANG_ENABLE_MODULES = YES;
				CLANG_ENABLE_OBJC_ARC = YES;
				CLANG_ENABLE_OBJC_WEAK = YES;
				CLANG_WARN_BLOCK_CAPTURE_AUTORELEASING = YES;
				CLANG_WARN_BOOL_CONVERSION = YES;
				CLANG_WARN_COMMA = YES;
				CLANG_WARN_CONSTANT_CONVERSION = YES;
				CLANG_WARN_DEPRECATED_OBJC_IMPLEMENTATIONS = YES;
				CLANG_WARN_DIRECT_OBJC_ISA_USAGE = YES_ERROR;
				CLANG_WARN_DOCUMENTATION_COMMENTS = YES;
				CLANG_WARN_EMPTY_BODY = YES;
				CLANG_WARN_ENUM_CONVERSION = YES;
				CLANG_WARN_INFINITE_RECURSION = YES;
				CLANG_WARN_INT_CONVERSION = YES;
				CLANG_WARN_NON_LITERAL_NULL_CONVERSION = YES;
				CLANG_WARN_OBJC_IMPLICIT_RETAIN_SELF = YES;
				CLANG_WARN_OBJC_LITERAL_CONVERSION = YES;
				CLANG_WARN_OBJC_ROOT_CLASS = YES_ERROR;
				CLANG_WARN_RANGE_LOOP_ANALYSIS = YES;
				CLANG_WARN_STRICT_PROTOTYPES = YES;
				CLANG_WARN_SUSPICIOUS_MOVE = YES;
				CLANG_WARN_UNGUARDED_AVAILABILITY = YES_AGGRESSIVE;
				CLANG_WARN_UNREACHABLE_CODE = YES;
				CLANG_WARN__DUPLICATE_METHOD_MATCH = YES;
				CODE_SIGN_IDENTITY = "iPhone Developer";
				COPY_PHASE_STRIP = NO;
				CURRENT_PROJECT_VERSION = 1;
				DEBUG_INFORMATION_FORMAT = "dwarf-with-dsym";
				ENABLE_NS_ASSERTIONS = NO;
				ENABLE_STRICT_OBJC_MSGSEND = YES;
				GCC_C_LANGUAGE_STANDARD = gnu11;
				GCC_NO_COMMON_BLOCKS = YES;
				GCC_WARN_64_TO_32_BIT_CONVERSION = YES;
				GCC_WARN_ABOUT_RETURN_TYPE = YES_ERROR;
				GCC_WARN_UNDECLARED_SELECTOR = YES;
				GCC_WARN_UNINITIALIZED_AUTOS = YES_AGGRESSIVE;
				GCC_WARN_UNUSED_FUNCTION = YES;
				GCC_WARN_UNUSED_VARIABLE = YES;
				IPHONEOS_DEPLOYMENT_TARGET = 12.0;
				MTL_ENABLE_DEBUG_INFO = NO;
				MTL_FAST_MATH = YES;
				SDKROOT = iphoneos;
				SWIFT_COMPILATION_MODE = wholemodule;
				SWIFT_OPTIMIZATION_LEVEL = "-O";
				VALIDATE_PRODUCT = YES;
				VERSIONING_SYSTEM = "apple-generic";
				VERSION_INFO_PREFIX = "";
			};
			name = Release;
		};
		17FDAF042252028100F5165F /* Debug */ = {
			isa = XCBuildConfiguration;
			baseConfigurationReference = 26CD5951AD5A482A65E551C1 /* Pods-MGArchitecture.debug.xcconfig */;
			buildSettings = {
				ASSETCATALOG_COMPILER_APPICON_NAME = AppIcon;
				CLANG_ENABLE_MODULES = YES;
				CODE_SIGN_STYLE = Manual;
				DEVELOPMENT_TEAM = "";
				INFOPLIST_FILE = MGArchitecture/Info.plist;
				IPHONEOS_DEPLOYMENT_TARGET = 10.0;
				LD_RUNPATH_SEARCH_PATHS = (
					"$(inherited)",
					"@executable_path/Frameworks",
				);
				PRODUCT_BUNDLE_IDENTIFIER = "com.sun-asterisk.MGArchitecture";
				PRODUCT_NAME = "$(TARGET_NAME)";
				PROVISIONING_PROFILE_SPECIFIER = "";
				SWIFT_OBJC_BRIDGING_HEADER = "MGArchitecture/MGArchitecture-Bridging-Header.h";
				SWIFT_OPTIMIZATION_LEVEL = "-Onone";
				SWIFT_VERSION = 5.0;
				TARGETED_DEVICE_FAMILY = "1,2";
			};
			name = Debug;
		};
		17FDAF052252028100F5165F /* Release */ = {
			isa = XCBuildConfiguration;
			baseConfigurationReference = 0DFA65B116780C8814A708B3 /* Pods-MGArchitecture.release.xcconfig */;
			buildSettings = {
				ASSETCATALOG_COMPILER_APPICON_NAME = AppIcon;
				CLANG_ENABLE_MODULES = YES;
				CODE_SIGN_STYLE = Manual;
				DEVELOPMENT_TEAM = "";
				INFOPLIST_FILE = MGArchitecture/Info.plist;
				IPHONEOS_DEPLOYMENT_TARGET = 10.0;
				LD_RUNPATH_SEARCH_PATHS = (
					"$(inherited)",
					"@executable_path/Frameworks",
				);
				PRODUCT_BUNDLE_IDENTIFIER = "com.sun-asterisk.MGArchitecture";
				PRODUCT_NAME = "$(TARGET_NAME)";
				PROVISIONING_PROFILE_SPECIFIER = "";
				SWIFT_OBJC_BRIDGING_HEADER = "MGArchitecture/MGArchitecture-Bridging-Header.h";
				SWIFT_VERSION = 5.0;
				TARGETED_DEVICE_FAMILY = "1,2";
			};
			name = Release;
		};
/* End XCBuildConfiguration section */

/* Begin XCConfigurationList section */
		179F9EA221788F880018A62B /* Build configuration list for PBXProject "MGArchitecture" */ = {
			isa = XCConfigurationList;
			buildConfigurations = (
				179F9EAE21788F880018A62B /* Debug */,
				179F9EAF21788F880018A62B /* Release */,
			);
			defaultConfigurationIsVisible = 0;
			defaultConfigurationName = Release;
		};
		17FDAF032252028100F5165F /* Build configuration list for PBXNativeTarget "MGArchitecture" */ = {
			isa = XCConfigurationList;
			buildConfigurations = (
				17FDAF042252028100F5165F /* Debug */,
				17FDAF052252028100F5165F /* Release */,
			);
			defaultConfigurationIsVisible = 0;
			defaultConfigurationName = Release;
		};
/* End XCConfigurationList section */
	};
	rootObject = 179F9E9F21788F880018A62B /* Project object */;
}
